
Microsoft Visual Studio Solution File, Format Version 12.00
# Visual Studio Version 18
VisualStudioVersion = 18.4.11626.88 stable
MinimumVisualStudioVersion = 10.0.40219.1
Project("{FAE04EC0-301F-11D3-BF4B-00C04F79EFBC}") = "CineVault", "CineVault.csproj", "{ABB96E13-5907-4603-A54E-BAD8C4B38730}"
EndProject
Global
	GlobalSection(SolutionConfigurationPlatforms) = preSolution
		Debug|Any CPU = Debug|Any CPU
		Release|Any CPU = Release|Any CPU
	EndGlobalSection
	GlobalSection(ProjectConfigurationPlatforms) = postSolution
		{ABB96E13-5907-4603-A54E-BAD8C4B38730}.Debug|Any CPU.ActiveCfg = Debug|Any CPU
		{ABB96E13-5907-4603-A54E-BAD8C4B38730}.Debug|Any CPU.Build.0 = Debug|Any CPU
		{ABB96E13-5907-4603-A54E-BAD8C4B38730}.Release|Any CPU.ActiveCfg = Release|Any CPU
		{ABB96E13-5907-4603-A54E-BAD8C4B38730}.Release|Any CPU.Build.0 = Release|Any CPU
	EndGlobalSection
	GlobalSection(SolutionProperties) = preSolution
		HideSolutionNode = FALSE
	EndGlobalSection
	GlobalSection(ExtensibilityGlobals) = postSolution
		SolutionGuid = {ACB2F581-F978-47A8-81E9-47595BDB4C94}
	EndGlobalSection
EndGlobal
